
Microsoft Visual Studio Solution File, Format Version 12.00
# Visual Studio Version 16
VisualStudioVersion = 16.0.31321.278
MinimumVisualStudioVersion = 10.0.40219.1
Project("{FAE04EC0-301F-11D3-BF4B-00C04F79EFBC}") = "GoogleDriveDummy.Android", "GoogleDriveDummy\GoogleDriveDummy.Android\GoogleDriveDummy.Android.csproj", "{F764BC8C-DB04-43E0-9CC9-CF894791851B}"
EndProject
Project("{FAE04EC0-301F-11D3-BF4B-00C04F79EFBC}") = "GoogleDriveDummy.iOS", "GoogleDriveDummy\GoogleDriveDummy.iOS\GoogleDriveDummy.iOS.csproj", "{FEDAFACE-350C-488B-A292-16FB89C34734}"
EndProject
Project("{FAE04EC0-301F-11D3-BF4B-00C04F79EFBC}") = "GoogleDriveDummy", "GoogleDriveDummy\GoogleDriveDummy\GoogleDriveDummy.csproj", "{6B2C7C21-3417-4FBB-A525-0676AE7D00A7}"
EndProject
Global
	GlobalSection(SolutionConfigurationPlatforms) = preSolution
		Debug|Any CPU = Debug|Any CPU
		Debug|iPhone = Debug|iPhone
		Debug|iPhoneSimulator = Debug|iPhoneSimulator
		Release|Any CPU = Release|Any CPU
		Release|iPhone = Release|iPhone
		Release|iPhoneSimulator = Release|iPhoneSimulator
	EndGlobalSection
	GlobalSection(ProjectConfigurationPlatforms) = postSolution
		{F764BC8C-DB04-43E0-9CC9-CF894791851B}.Debug|Any CPU.ActiveCfg = Debug|Any CPU
		{F764BC8C-DB04-43E0-9CC9-CF894791851B}.Debug|Any CPU.Build.0 = Debug|Any CPU
		{F764BC8C-DB04-43E0-9CC9-CF894791851B}.Debug|Any CPU.Deploy.0 = Debug|Any CPU
		{F764BC8C-DB04-43E0-9CC9-CF894791851B}.Debug|iPhone.ActiveCfg = Debug|Any CPU
		{F764BC8C-DB04-43E0-9CC9-CF894791851B}.Debug|iPhone.Build.0 = Debug|Any CPU
		{F764BC8C-DB04-43E0-9CC9-CF894791851B}.Debug|iPhone.Deploy.0 = Debug|Any CPU
		{F764BC8C-DB04-43E0-9CC9-CF894791851B}.Debug|iPhoneSimulator.ActiveCfg = Debug|Any CPU
		{F764BC8C-DB04-43E0-9CC9-CF894791851B}.Debug|iPhoneSimulator.Build.0 = Debug|Any CPU
		{F764BC8C-DB04-43E0-9CC9-CF894791851B}.Debug|iPhoneSimulator.Deploy.0 = Debug|Any CPU
		{F764BC8C-DB04-43E0-9CC9-CF894791851B}.Release|Any CPU.ActiveCfg = Release|Any CPU
		{F764BC8C-DB04-43E0-9CC9-CF894791851B}.Release|Any CPU.Build.0 = Release|Any CPU
		{F764BC8C-DB04-43E0-9CC9-CF894791851B}.Release|Any CPU.Deploy.0 = Release|Any CPU
		{F764BC8C-DB04-43E0-9CC9-CF894791851B}.Release|iPhone.ActiveCfg = Release|Any CPU
		{F764BC8C-DB04-43E0-9CC9-CF894791851B}.Release|iPhone.Build.0 = Release|Any CPU
		{F764BC8C-DB04-43E0-9CC9-CF894791851B}.Release|iPhone.Deploy.0 = Release|Any CPU
		{F764BC8C-DB04-43E0-9CC9-CF894791851B}.Release|iPhoneSimulator.ActiveCfg = Release|Any CPU
		{F764BC8C-DB04-43E0-9CC9-CF894791851B}.Release|iPhoneSimulator.Build.0 = Release|Any CPU
		{F764BC8C-DB04-43E0-9CC9-CF894791851B}.Release|iPhoneSimulator.Deploy.0 = Release|Any CPU
		{FEDAFACE-350C-488B-A292-16FB89C34734}.Debug|Any CPU.ActiveCfg = Debug|iPhone
		{FEDAFACE-350C-488B-A292-16FB89C34734}.Debug|Any CPU.Build.0 = Debug|iPhone
		{FEDAFACE-350C-488B-A292-16FB89C34734}.Debug|Any CPU.Deploy.0 = Debug|iPhone
		{FEDAFACE-350C-488B-A292-16FB89C34734}.Debug|iPhone.ActiveCfg = Debug|iPhone
		{FEDAFACE-350C-488B-A292-16FB89C34734}.Debug|iPhone.Build.0 = Debug|iPhone
		{FEDAFACE-350C-488B-A292-16FB89C34734}.Debug|iPhone.Deploy.0 = Debug|iPhone
		{FEDAFACE-350C-488B-A292-16FB89C34734}.Debug|iPhoneSimulator.ActiveCfg = Debug|iPhoneSimulator
		{FEDAFACE-350C-488B-A292-16FB89C34734}.Debug|iPhoneSimulator.Build.0 = Debug|iPhoneSimulator
		{FEDAFACE-350C-488B-A292-16FB89C34734}.Debug|iPhoneSimulator.Deploy.0 = Debug|iPhoneSimulator
		{FEDAFACE-350C-488B-A292-16FB89C34734}.Release|Any CPU.ActiveCfg = Release|iPhoneSimulator
		{FEDAFACE-350C-488B-A292-16FB89C34734}.Release|Any CPU.Build.0 = Release|iPhoneSimulator
		{FEDAFACE-350C-488B-A292-16FB89C34734}.Release|Any CPU.Deploy.0 = Release|iPhoneSimulator
		{FEDAFACE-350C-488B-A292-16FB89C34734}.Release|iPhone.ActiveCfg = Release|iPhone
		{FEDAFACE-350C-488B-A292-16FB89C34734}.Release|iPhone.Build.0 = Release|iPhone
		{FEDAFACE-350C-488B-A292-16FB89C34734}.Release|iPhone.Deploy.0 = Release|iPhone
		{FEDAFACE-350C-488B-A292-16FB89C34734}.Release|iPhoneSimulator.ActiveCfg = Release|iPhoneSimulator
		{FEDAFACE-350C-488B-A292-16FB89C34734}.Release|iPhoneSimulator.Build.0 = Release|iPhoneSimulator
		{FEDAFACE-350C-488B-A292-16FB89C34734}.Release|iPhoneSimulator.Deploy.0 = Release|iPhoneSimulator
		{6B2C7C21-3417-4FBB-A525-0676AE7D00A7}.Debug|Any CPU.ActiveCfg = Debug|Any CPU
		{6B2C7C21-3417-4FBB-A525-0676AE7D00A7}.Debug|Any CPU.Build.0 = Debug|Any CPU
		{6B2C7C21-3417-4FBB-A525-0676AE7D00A7}.Debug|Any CPU.Deploy.0 = Debug|Any CPU
		{6B2C7C21-3417-4FBB-A525-0676AE7D00A7}.Debug|iPhone.ActiveCfg = Debug|Any CPU
		{6B2C7C21-3417-4FBB-A525-0676AE7D00A7}.Debug|iPhone.Build.0 = Debug|Any CPU
		{6B2C7C21-3417-4FBB-A525-0676AE7D00A7}.Debug|iPhone.Deploy.0 = Debug|Any CPU
		{6B2C7C21-3417-4FBB-A525-0676AE7D00A7}.Debug|iPhoneSimulator.ActiveCfg = Debug|Any CPU
		{6B2C7C21-3417-4FBB-A525-0676AE7D00A7}.Debug|iPhoneSimulator.Build.0 = Debug|Any CPU
		{6B2C7C21-3417-4FBB-A525-0676AE7D00A7}.Debug|iPhoneSimulator.Deploy.0 = Debug|Any CPU
		{6B2C7C21-3417-4FBB-A525-0676AE7D00A7}.Release|Any CPU.ActiveCfg = Release|Any CPU
		{6B2C7C21-3417-4FBB-A525-0676AE7D00A7}.Release|Any CPU.Build.0 = Release|Any CPU
		{6B2C7C21-3417-4FBB-A525-0676AE7D00A7}.Release|Any CPU.Deploy.0 = Release|Any CPU
		{6B2C7C21-3417-4FBB-A525-0676AE7D00A7}.Release|iPhone.ActiveCfg = Release|Any CPU
		{6B2C7C21-3417-4FBB-A525-0676AE7D00A7}.Release|iPhone.Build.0 = Release|Any CPU
		{6B2C7C21-3417-4FBB-A525-0676AE7D00A7}.Release|iPhone.Deploy.0 = Release|Any CPU
		{6B2C7C21-3417-4FBB-A525-0676AE7D00A7}.Release|iPhoneSimulator.ActiveCfg = Release|Any CPU
		{6B2C7C21-3417-4FBB-A525-0676AE7D00A7}.Release|iPhoneSimulator.Build.0 = Release|Any CPU
		{6B2C7C21-3417-4FBB-A525-0676AE7D00A7}.Release|iPhoneSimulator.Deploy.0 = Release|Any CPU
	EndGlobalSection
	GlobalSection(SolutionProperties) = preSolution
		HideSolutionNode = FALSE
	EndGlobalSection
	GlobalSection(ExtensibilityGlobals) = postSolution
		SolutionGuid = {0F05F9AE-B00E-429E-95D1-346214806C33}
	EndGlobalSection
EndGlobal
